
Microsoft Visual Studio Solution File, Format Version 12.00
# Visual Studio Version 17
VisualStudioVersion = 17.0.31912.275
MinimumVisualStudioVersion = 10.0.40219.1
Project("{FAE04EC0-301F-11D3-BF4B-00C04F79EFBC}") = "Modul 4", "Modul 4.csproj", "{48AFA9EA-C7FF-4CAB-B1DB-440E12640953}"
EndProject
Global
	GlobalSection(SolutionConfigurationPlatforms) = preSolution
		Debug|Any CPU = Debug|Any CPU
		Release|Any CPU = Release|Any CPU
	EndGlobalSection
	GlobalSection(ProjectConfigurationPlatforms) = postSolution
		{48AFA9EA-C7FF-4CAB-B1DB-440E12640953}.Debug|Any CPU.ActiveCfg = Debug|Any CPU
		{48AFA9EA-C7FF-4CAB-B1DB-440E12640953}.Debug|Any CPU.Build.0 = Debug|Any CPU
		{48AFA9EA-C7FF-4CAB-B1DB-440E12640953}.Release|Any CPU.ActiveCfg = Release|Any CPU
		{48AFA9EA-C7FF-4CAB-B1DB-440E12640953}.Release|Any CPU.Build.0 = Release|Any CPU
	EndGlobalSection
	GlobalSection(SolutionProperties) = preSolution
		HideSolutionNode = FALSE
	EndGlobalSection
	GlobalSection(ExtensibilityGlobals) = postSolution
		SolutionGuid = {B44D6447-C7AF-4A95-B267-08927E761E3C}
	EndGlobalSection
EndGlobal
